
Microsoft Visual Studio Solution File, Format Version 12.00
# Visual Studio Version 17
VisualStudioVersion = 17.1.32407.343
MinimumVisualStudioVersion = 10.0.40219.1
Project("{9A19103F-16F7-4668-BE54-9A1E7A4F7556}") = "Bacon.API", "Bacon.API\Bacon.API.csproj", "{8D158F83-E839-41E4-8EBB-74A23B415A84}"
EndProject
Project("{FAE04EC0-301F-11D3-BF4B-00C04F79EFBC}") = "Bacon.gRPC.Service", "Bacon.gRPC.Service\Bacon.gRPC.Service.csproj", "{BCE045A9-B5E7-4342-AA3C-486A8DD09C0C}"
EndProject
Project("{FAE04EC0-301F-11D3-BF4B-00C04F79EFBC}") = "Bacon.Factory", "Bacon.Factory\Bacon.Factory.csproj", "{C823A24D-C1E7-4A5E-9717-A4D10E6E69D8}"
EndProject
Global
	GlobalSection(SolutionConfigurationPlatforms) = preSolution
		Debug|Any CPU = Debug|Any CPU
		Release|Any CPU = Release|Any CPU
	EndGlobalSection
	GlobalSection(ProjectConfigurationPlatforms) = postSolution
		{8D158F83-E839-41E4-8EBB-74A23B415A84}.Debug|Any CPU.ActiveCfg = Debug|Any CPU
		{8D158F83-E839-41E4-8EBB-74A23B415A84}.Debug|Any CPU.Build.0 = Debug|Any CPU
		{8D158F83-E839-41E4-8EBB-74A23B415A84}.Release|Any CPU.ActiveCfg = Release|Any CPU
		{8D158F83-E839-41E4-8EBB-74A23B415A84}.Release|Any CPU.Build.0 = Release|Any CPU
		{BCE045A9-B5E7-4342-AA3C-486A8DD09C0C}.Debug|Any CPU.ActiveCfg = Debug|Any CPU
		{BCE045A9-B5E7-4342-AA3C-486A8DD09C0C}.Debug|Any CPU.Build.0 = Debug|Any CPU
		{BCE045A9-B5E7-4342-AA3C-486A8DD09C0C}.Release|Any CPU.ActiveCfg = Release|Any CPU
		{BCE045A9-B5E7-4342-AA3C-486A8DD09C0C}.Release|Any CPU.Build.0 = Release|Any CPU
		{C823A24D-C1E7-4A5E-9717-A4D10E6E69D8}.Debug|Any CPU.ActiveCfg = Debug|Any CPU
		{C823A24D-C1E7-4A5E-9717-A4D10E6E69D8}.Debug|Any CPU.Build.0 = Debug|Any CPU
		{C823A24D-C1E7-4A5E-9717-A4D10E6E69D8}.Release|Any CPU.ActiveCfg = Release|Any CPU
		{C823A24D-C1E7-4A5E-9717-A4D10E6E69D8}.Release|Any CPU.Build.0 = Release|Any CPU
	EndGlobalSection
	GlobalSection(SolutionProperties) = preSolution
		HideSolutionNode = FALSE
	EndGlobalSection
	GlobalSection(ExtensibilityGlobals) = postSolution
		SolutionGuid = {C45AE4E7-95C1-403B-B615-BB961740005D}
	EndGlobalSection
EndGlobal
